
Microsoft Visual Studio Solution File, Format Version 12.00
# Visual Studio Version 16
VisualStudioVersion = 16.0.30413.136
MinimumVisualStudioVersion = 10.0.40219.1
Project("{888888A0-9F3D-457C-B088-3A5042F75D52}") = "Kontoritöö", "Kontoritöö.pyproj", "{619786DE-3BA4-4129-B3EF-1B6B952A3BA0}"
EndProject
Global
	GlobalSection(SolutionConfigurationPlatforms) = preSolution
		Debug|Any CPU = Debug|Any CPU
		Release|Any CPU = Release|Any CPU
	EndGlobalSection
	GlobalSection(ProjectConfigurationPlatforms) = postSolution
		{619786DE-3BA4-4129-B3EF-1B6B952A3BA0}.Debug|Any CPU.ActiveCfg = Debug|Any CPU
		{619786DE-3BA4-4129-B3EF-1B6B952A3BA0}.Release|Any CPU.ActiveCfg = Release|Any CPU
	EndGlobalSection
	GlobalSection(SolutionProperties) = preSolution
		HideSolutionNode = FALSE
	EndGlobalSection
	GlobalSection(ExtensibilityGlobals) = postSolution
		SolutionGuid = {7184E390-EC6B-462E-A3EA-3C530CB0A6EF}
	EndGlobalSection
EndGlobal
